
Microsoft Visual Studio Solution File, Format Version 12.00
Project("{FAE04EC0-301F-11D3-BF4B-00C04F79EFBC}") = "Clarifai", "Clarifai\Clarifai.csproj", "{743B70FA-91A5-4C97-8FF4-C8BD07A6AADB}"
EndProject
Project("{FAE04EC0-301F-11D3-BF4B-00C04F79EFBC}") = "Clarifai.IntegrationTests", "Clarifai.IntegrationTests\Clarifai.IntegrationTests.csproj", "{11FBDF14-1867-4ABB-A824-00536026B582}"
EndProject
Global
	GlobalSection(SolutionConfigurationPlatforms) = preSolution
		Debug|Any CPU = Debug|Any CPU
		Release|Any CPU = Release|Any CPU
	EndGlobalSection
	GlobalSection(ProjectConfigurationPlatforms) = postSolution
		{743B70FA-91A5-4C97-8FF4-C8BD07A6AADB}.Debug|Any CPU.ActiveCfg = Debug|Any CPU
		{743B70FA-91A5-4C97-8FF4-C8BD07A6AADB}.Debug|Any CPU.Build.0 = Debug|Any CPU
		{743B70FA-91A5-4C97-8FF4-C8BD07A6AADB}.Release|Any CPU.ActiveCfg = Release|Any CPU
		{743B70FA-91A5-4C97-8FF4-C8BD07A6AADB}.Release|Any CPU.Build.0 = Release|Any CPU
		{11FBDF14-1867-4ABB-A824-00536026B582}.Debug|Any CPU.ActiveCfg = Debug|Any CPU
		{11FBDF14-1867-4ABB-A824-00536026B582}.Debug|Any CPU.Build.0 = Debug|Any CPU
		{11FBDF14-1867-4ABB-A824-00536026B582}.Release|Any CPU.ActiveCfg = Release|Any CPU
		{11FBDF14-1867-4ABB-A824-00536026B582}.Release|Any CPU.Build.0 = Release|Any CPU
	EndGlobalSection
EndGlobal
